
Microsoft Visual Studio Solution File, Format Version 12.00
# Visual Studio 14
VisualStudioVersion = 14.0.25420.1
MinimumVisualStudioVersion = 10.0.40219.1
Project("{2150E333-8FDC-42A3-9474-1A3956D46DE8}") = "Domain", "Domain", "{1CEDE8B4-9FF1-470D-A64E-698303523A08}"
EndProject
Project("{FAE04EC0-301F-11D3-BF4B-00C04F79EFBC}") = "BC.Domain.Core", "BC.Domain.Core\BC.Domain.Core.csproj", "{76ADC1B6-D273-43E8-8A55-6CBF1ACE4AD2}"
EndProject
Project("{FAE04EC0-301F-11D3-BF4B-00C04F79EFBC}") = "BC.Domain.Interfaces", "BC.Domain.Interfaces\BC.Domain.Interfaces.csproj", "{4326C553-B34F-44DC-9321-F101D2A70DA3}"
EndProject
Project("{2150E333-8FDC-42A3-9474-1A3956D46DE8}") = "Infrastructure", "Infrastructure", "{B780F52F-45F0-420A-BCC8-187300D2B28A}"
EndProject
Project("{FAE04EC0-301F-11D3-BF4B-00C04F79EFBC}") = "BC.Infrastructure.Data", "BC.Infrastructure.Data\BC.Infrastructure.Data.csproj", "{2AB103E3-2630-46CF-8F39-098E766AB012}"
EndProject
Project("{FAE04EC0-301F-11D3-BF4B-00C04F79EFBC}") = "BC.Infrastructure.Business", "BC.Infrastructure.Business\BC.Infrastructure.Business.csproj", "{FE9F3F24-C6EC-4397-9698-9F91DFF7AE9A}"
EndProject
Project("{2150E333-8FDC-42A3-9474-1A3956D46DE8}") = "Web", "Web", "{2C89A1E6-A236-471E-B33D-CC1C7F940608}"
EndProject
Project("{FAE04EC0-301F-11D3-BF4B-00C04F79EFBC}") = "BC.Web.Rest", "BC.Web.Rest\BC.Web.Rest.csproj", "{6C609D48-459D-4304-9A6C-98D9AA3332ED}"
EndProject
Project("{E24C65DC-7377-472B-9ABA-BC803B73C61A}") = "BC.Web.UI", "BC.Web.UI\", "{BF31F34D-C5F6-4960-96D1-D84D93023AA2}"
	ProjectSection(WebsiteProperties) = preProject
		TargetFrameworkMoniker = ".NETFramework,Version%3Dv4.0"
		Debug.AspNetCompiler.VirtualPath = "/localhost_35847"
		Debug.AspNetCompiler.PhysicalPath = "BC.Web.UI\"
		Debug.AspNetCompiler.TargetPath = "PrecompiledWeb\localhost_35847\"
		Debug.AspNetCompiler.Updateable = "true"
		Debug.AspNetCompiler.ForceOverwrite = "true"
		Debug.AspNetCompiler.FixedNames = "false"
		Debug.AspNetCompiler.Debug = "True"
		Release.AspNetCompiler.VirtualPath = "/localhost_35847"
		Release.AspNetCompiler.PhysicalPath = "BC.Web.UI\"
		Release.AspNetCompiler.TargetPath = "PrecompiledWeb\localhost_35847\"
		Release.AspNetCompiler.Updateable = "true"
		Release.AspNetCompiler.ForceOverwrite = "true"
		Release.AspNetCompiler.FixedNames = "false"
		Release.AspNetCompiler.Debug = "False"
		VWDPort = "35847"
		SlnRelativePath = "BC.Web.UI\"
	EndProjectSection
EndProject
Project("{FAE04EC0-301F-11D3-BF4B-00C04F79EFBC}") = "BC.Infastructure.Interfaces", "BC.Infastructure.Interfaces\BC.Infastructure.Interfaces.csproj", "{AE4F6EFC-CDDD-4C58-8A04-D4ED14566BC4}"
EndProject
Project("{2150E333-8FDC-42A3-9474-1A3956D46DE8}") = "Tests", "Tests", "{3F28ABB3-12BA-4339-A2E6-F64E1C218D74}"
EndProject
Project("{FAE04EC0-301F-11D3-BF4B-00C04F79EFBC}") = "BC.UnitTests", "BC.UnitTests\BC.UnitTests.csproj", "{F8E6CE14-0841-42BA-B4DD-027C7C1C558B}"
EndProject
Project("{2150E333-8FDC-42A3-9474-1A3956D46DE8}") = "Connection", "Connection", "{287624C5-C3A7-427A-B38E-79EFE440BD31}"
	ProjectSection(SolutionItems) = preProject
		connection.config = connection.config
	EndProjectSection
EndProject
Global
	GlobalSection(SolutionConfigurationPlatforms) = preSolution
		Debug|Any CPU = Debug|Any CPU
		Release|Any CPU = Release|Any CPU
	EndGlobalSection
	GlobalSection(ProjectConfigurationPlatforms) = postSolution
		{76ADC1B6-D273-43E8-8A55-6CBF1ACE4AD2}.Debug|Any CPU.ActiveCfg = Debug|Any CPU
		{76ADC1B6-D273-43E8-8A55-6CBF1ACE4AD2}.Debug|Any CPU.Build.0 = Debug|Any CPU
		{76ADC1B6-D273-43E8-8A55-6CBF1ACE4AD2}.Release|Any CPU.ActiveCfg = Release|Any CPU
		{76ADC1B6-D273-43E8-8A55-6CBF1ACE4AD2}.Release|Any CPU.Build.0 = Release|Any CPU
		{4326C553-B34F-44DC-9321-F101D2A70DA3}.Debug|Any CPU.ActiveCfg = Debug|Any CPU
		{4326C553-B34F-44DC-9321-F101D2A70DA3}.Debug|Any CPU.Build.0 = Debug|Any CPU
		{4326C553-B34F-44DC-9321-F101D2A70DA3}.Release|Any CPU.ActiveCfg = Release|Any CPU
		{4326C553-B34F-44DC-9321-F101D2A70DA3}.Release|Any CPU.Build.0 = Release|Any CPU
		{2AB103E3-2630-46CF-8F39-098E766AB012}.Debug|Any CPU.ActiveCfg = Debug|Any CPU
		{2AB103E3-2630-46CF-8F39-098E766AB012}.Debug|Any CPU.Build.0 = Debug|Any CPU
		{2AB103E3-2630-46CF-8F39-098E766AB012}.Release|Any CPU.ActiveCfg = Release|Any CPU
		{2AB103E3-2630-46CF-8F39-098E766AB012}.Release|Any CPU.Build.0 = Release|Any CPU
		{FE9F3F24-C6EC-4397-9698-9F91DFF7AE9A}.Debug|Any CPU.ActiveCfg = Debug|Any CPU
		{FE9F3F24-C6EC-4397-9698-9F91DFF7AE9A}.Debug|Any CPU.Build.0 = Debug|Any CPU
		{FE9F3F24-C6EC-4397-9698-9F91DFF7AE9A}.Release|Any CPU.ActiveCfg = Release|Any CPU
		{FE9F3F24-C6EC-4397-9698-9F91DFF7AE9A}.Release|Any CPU.Build.0 = Release|Any CPU
		{6C609D48-459D-4304-9A6C-98D9AA3332ED}.Debug|Any CPU.ActiveCfg = Debug|Any CPU
		{6C609D48-459D-4304-9A6C-98D9AA3332ED}.Debug|Any CPU.Build.0 = Debug|Any CPU
		{6C609D48-459D-4304-9A6C-98D9AA3332ED}.Release|Any CPU.ActiveCfg = Release|Any CPU
		{6C609D48-459D-4304-9A6C-98D9AA3332ED}.Release|Any CPU.Build.0 = Release|Any CPU
		{BF31F34D-C5F6-4960-96D1-D84D93023AA2}.Debug|Any CPU.ActiveCfg = Debug|Any CPU
		{BF31F34D-C5F6-4960-96D1-D84D93023AA2}.Debug|Any CPU.Build.0 = Debug|Any CPU
		{BF31F34D-C5F6-4960-96D1-D84D93023AA2}.Release|Any CPU.ActiveCfg = Debug|Any CPU
		{BF31F34D-C5F6-4960-96D1-D84D93023AA2}.Release|Any CPU.Build.0 = Debug|Any CPU
		{AE4F6EFC-CDDD-4C58-8A04-D4ED14566BC4}.Debug|Any CPU.ActiveCfg = Debug|Any CPU
		{AE4F6EFC-CDDD-4C58-8A04-D4ED14566BC4}.Debug|Any CPU.Build.0 = Debug|Any CPU
		{AE4F6EFC-CDDD-4C58-8A04-D4ED14566BC4}.Release|Any CPU.ActiveCfg = Release|Any CPU
		{AE4F6EFC-CDDD-4C58-8A04-D4ED14566BC4}.Release|Any CPU.Build.0 = Release|Any CPU
		{F8E6CE14-0841-42BA-B4DD-027C7C1C558B}.Debug|Any CPU.ActiveCfg = Debug|Any CPU
		{F8E6CE14-0841-42BA-B4DD-027C7C1C558B}.Debug|Any CPU.Build.0 = Debug|Any CPU
		{F8E6CE14-0841-42BA-B4DD-027C7C1C558B}.Release|Any CPU.ActiveCfg = Release|Any CPU
		{F8E6CE14-0841-42BA-B4DD-027C7C1C558B}.Release|Any CPU.Build.0 = Release|Any CPU
	EndGlobalSection
	GlobalSection(SolutionProperties) = preSolution
		HideSolutionNode = FALSE
	EndGlobalSection
	GlobalSection(NestedProjects) = preSolution
		{76ADC1B6-D273-43E8-8A55-6CBF1ACE4AD2} = {1CEDE8B4-9FF1-470D-A64E-698303523A08}
		{4326C553-B34F-44DC-9321-F101D2A70DA3} = {1CEDE8B4-9FF1-470D-A64E-698303523A08}
		{2AB103E3-2630-46CF-8F39-098E766AB012} = {B780F52F-45F0-420A-BCC8-187300D2B28A}
		{FE9F3F24-C6EC-4397-9698-9F91DFF7AE9A} = {B780F52F-45F0-420A-BCC8-187300D2B28A}
		{6C609D48-459D-4304-9A6C-98D9AA3332ED} = {2C89A1E6-A236-471E-B33D-CC1C7F940608}
		{BF31F34D-C5F6-4960-96D1-D84D93023AA2} = {2C89A1E6-A236-471E-B33D-CC1C7F940608}
		{AE4F6EFC-CDDD-4C58-8A04-D4ED14566BC4} = {B780F52F-45F0-420A-BCC8-187300D2B28A}
		{F8E6CE14-0841-42BA-B4DD-027C7C1C558B} = {3F28ABB3-12BA-4339-A2E6-F64E1C218D74}
	EndGlobalSection
EndGlobal
